
Microsoft Visual Studio Solution File, Format Version 12.00
# Visual Studio Version 16
VisualStudioVersion = 16.0.32002.261
MinimumVisualStudioVersion = 10.0.40219.1
Project("{FAE04EC0-301F-11D3-BF4B-00C04F79EFBC}") = "TEcrituraArchivos", "TEcrituraArchivos\TEcrituraArchivos.csproj", "{E5161D39-6A03-4D1E-BFEA-CC0055687704}"
EndProject
Global
	GlobalSection(SolutionConfigurationPlatforms) = preSolution
		Debug|Any CPU = Debug|Any CPU
		Release|Any CPU = Release|Any CPU
	EndGlobalSection
	GlobalSection(ProjectConfigurationPlatforms) = postSolution
		{E5161D39-6A03-4D1E-BFEA-CC0055687704}.Debug|Any CPU.ActiveCfg = Debug|Any CPU
		{E5161D39-6A03-4D1E-BFEA-CC0055687704}.Debug|Any CPU.Build.0 = Debug|Any CPU
		{E5161D39-6A03-4D1E-BFEA-CC0055687704}.Release|Any CPU.ActiveCfg = Release|Any CPU
		{E5161D39-6A03-4D1E-BFEA-CC0055687704}.Release|Any CPU.Build.0 = Release|Any CPU
	EndGlobalSection
	GlobalSection(SolutionProperties) = preSolution
		HideSolutionNode = FALSE
	EndGlobalSection
	GlobalSection(ExtensibilityGlobals) = postSolution
		SolutionGuid = {EE6CA07C-BF13-4313-A7B7-E4270C1678DE}
	EndGlobalSection
EndGlobal
